// !$*UTF8*$!
{
	archiveVersion = 1;
	classes = {
	};
	objectVersion = 46;
	objects = {

/* Begin PBXBuildFile section */
		5759922C1CB13C9400A82668 /* AppDelegate.swift in Sources */ = {isa = PBXBuildFile; fileRef = 5759922B1CB13C9400A82668 /* AppDelegate.swift */; };
		5759922E1CB13C9400A82668 /* ViewController.swift in Sources */ = {isa = PBXBuildFile; fileRef = 5759922D1CB13C9400A82668 /* ViewController.swift */; };
		575992311CB13C9400A82668 /* Main.storyboard in Resources */ = {isa = PBXBuildFile; fileRef = 5759922F1CB13C9400A82668 /* Main.storyboard */; };
		575992331CB13C9400A82668 /* Assets.xcassets in Resources */ = {isa = PBXBuildFile; fileRef = 575992321CB13C9400A82668 /* Assets.xcassets */; };
		575992361CB13C9400A82668 /* LaunchScreen.storyboard in Resources */ = {isa = PBXBuildFile; fileRef = 575992341CB13C9400A82668 /* LaunchScreen.storyboard */; };
		575992411CB13C9500A82668 /* GarageClientSwiftTests.swift in Sources */ = {isa = PBXBuildFile; fileRef = 575992401CB13C9500A82668 /* GarageClientSwiftTests.swift */; };
		5759924F1CB146FD00A82668 /* APIKit.framework in Frameworks */ = {isa = PBXBuildFile; fileRef = 5759924D1CB146FD00A82668 /* APIKit.framework */; };
		575992501CB146FD00A82668 /* Result.framework in Frameworks */ = {isa = PBXBuildFile; fileRef = 5759924E1CB146FD00A82668 /* Result.framework */; };
		575992541CB1491400A82668 /* GarageClient.swift in Sources */ = {isa = PBXBuildFile; fileRef = 575992531CB1491400A82668 /* GarageClient.swift */; };
		575992561CB1493500A82668 /* GarageConfiguration.swift in Sources */ = {isa = PBXBuildFile; fileRef = 575992551CB1493500A82668 /* GarageConfiguration.swift */; };
		575992581CB2AEC000A82668 /* GarageRequestType.swift in Sources */ = {isa = PBXBuildFile; fileRef = 575992571CB2AEC000A82668 /* GarageRequestType.swift */; };
		5759925A1CB2B12200A82668 /* GarageError.swift in Sources */ = {isa = PBXBuildFile; fileRef = 575992591CB2B12200A82668 /* GarageError.swift */; };
		5759925C1CB3F4F100A82668 /* Himotoki.framework in Frameworks */ = {isa = PBXBuildFile; fileRef = 5759925B1CB3F4F100A82668 /* Himotoki.framework */; };
		5759925E1CB3FF1600A82668 /* RequestBuilder.swift in Sources */ = {isa = PBXBuildFile; fileRef = 5759925D1CB3FF1600A82668 /* RequestBuilder.swift */; };
/* End PBXBuildFile section */

/* Begin PBXContainerItemProxy section */
		5759923D1CB13C9500A82668 /* PBXContainerItemProxy */ = {
			isa = PBXContainerItemProxy;
			containerPortal = 575992201CB13C9400A82668 /* Project object */;
			proxyType = 1;
			remoteGlobalIDString = 575992271CB13C9400A82668;
			remoteInfo = GarageClientSwift;
		};
/* End PBXContainerItemProxy section */

/* Begin PBXFileReference section */
		575992281CB13C9400A82668 /* GarageClientSwift.app */ = {isa = PBXFileReference; explicitFileType = wrapper.application; includeInIndex = 0; path = GarageClientSwift.app; sourceTree = BUILT_PRODUCTS_DIR; };
		5759922B1CB13C9400A82668 /* AppDelegate.swift */ = {isa = PBXFileReference; lastKnownFileType = sourcecode.swift; path = AppDelegate.swift; sourceTree = "<group>"; };
		5759922D1CB13C9400A82668 /* ViewController.swift */ = {isa = PBXFileReference; lastKnownFileType = sourcecode.swift; path = ViewController.swift; sourceTree = "<group>"; };
		575992301CB13C9400A82668 /* Base */ = {isa = PBXFileReference; lastKnownFileType = file.storyboard; name = Base; path = Base.lproj/Main.storyboard; sourceTree = "<group>"; };
		575992321CB13C9400A82668 /* Assets.xcassets */ = {isa = PBXFileReference; lastKnownFileType = folder.assetcatalog; path = Assets.xcassets; sourceTree = "<group>"; };
		575992351CB13C9400A82668 /* Base */ = {isa = PBXFileReference; lastKnownFileType = file.storyboard; name = Base; path = Base.lproj/LaunchScreen.storyboard; sourceTree = "<group>"; };
		575992371CB13C9500A82668 /* Info.plist */ = {isa = PBXFileReference; lastKnownFileType = text.plist.xml; path = Info.plist; sourceTree = "<group>"; };
		5759923C1CB13C9500A82668 /* GarageClientSwiftTests.xctest */ = {isa = PBXFileReference; explicitFileType = wrapper.cfbundle; includeInIndex = 0; path = GarageClientSwiftTests.xctest; sourceTree = BUILT_PRODUCTS_DIR; };
		575992401CB13C9500A82668 /* GarageClientSwiftTests.swift */ = {isa = PBXFileReference; lastKnownFileType = sourcecode.swift; path = GarageClientSwiftTests.swift; sourceTree = "<group>"; };
		575992421CB13C9500A82668 /* Info.plist */ = {isa = PBXFileReference; lastKnownFileType = text.plist.xml; path = Info.plist; sourceTree = "<group>"; };
		5759924D1CB146FD00A82668 /* APIKit.framework */ = {isa = PBXFileReference; lastKnownFileType = wrapper.framework; name = APIKit.framework; path = Carthage/Build/iOS/APIKit.framework; sourceTree = "<group>"; };
		5759924E1CB146FD00A82668 /* Result.framework */ = {isa = PBXFileReference; lastKnownFileType = wrapper.framework; name = Result.framework; path = Carthage/Build/iOS/Result.framework; sourceTree = "<group>"; };
		575992531CB1491400A82668 /* GarageClient.swift */ = {isa = PBXFileReference; fileEncoding = 4; lastKnownFileType = sourcecode.swift; path = GarageClient.swift; sourceTree = "<group>"; };
		575992551CB1493500A82668 /* GarageConfiguration.swift */ = {isa = PBXFileReference; fileEncoding = 4; lastKnownFileType = sourcecode.swift; path = GarageConfiguration.swift; sourceTree = "<group>"; };
		575992571CB2AEC000A82668 /* GarageRequestType.swift */ = {isa = PBXFileReference; fileEncoding = 4; lastKnownFileType = sourcecode.swift; path = GarageRequestType.swift; sourceTree = "<group>"; };
		575992591CB2B12200A82668 /* GarageError.swift */ = {isa = PBXFileReference; fileEncoding = 4; lastKnownFileType = sourcecode.swift; path = GarageError.swift; sourceTree = "<group>"; };
		5759925B1CB3F4F100A82668 /* Himotoki.framework */ = {isa = PBXFileReference; lastKnownFileType = wrapper.framework; name = Himotoki.framework; path = Carthage/Build/iOS/Himotoki.framework; sourceTree = "<group>"; };
		5759925D1CB3FF1600A82668 /* RequestBuilder.swift */ = {isa = PBXFileReference; fileEncoding = 4; lastKnownFileType = sourcecode.swift; path = RequestBuilder.swift; sourceTree = "<group>"; };
/* End PBXFileReference section */

/* Begin PBXFrameworksBuildPhase section */
		575992251CB13C9400A82668 /* Frameworks */ = {
			isa = PBXFrameworksBuildPhase;
			buildActionMask = 2147483647;
			files = (
				5759925C1CB3F4F100A82668 /* Himotoki.framework in Frameworks */,
				5759924F1CB146FD00A82668 /* APIKit.framework in Frameworks */,
				575992501CB146FD00A82668 /* Result.framework in Frameworks */,
			);
			runOnlyForDeploymentPostprocessing = 0;
		};
		575992391CB13C9500A82668 /* Frameworks */ = {
			isa = PBXFrameworksBuildPhase;
			buildActionMask = 2147483647;
			files = (
			);
			runOnlyForDeploymentPostprocessing = 0;
		};
/* End PBXFrameworksBuildPhase section */

/* Begin PBXGroup section */
		5759921F1CB13C9400A82668 = {
			isa = PBXGroup;
			children = (
				5759922A1CB13C9400A82668 /* GarageClientSwift */,
				5759923F1CB13C9500A82668 /* GarageClientSwiftTests */,
				575992291CB13C9400A82668 /* Products */,
				5759924C1CB146D900A82668 /* Frameworks */,
			);
			sourceTree = "<group>";
		};
		575992291CB13C9400A82668 /* Products */ = {
			isa = PBXGroup;
			children = (
				575992281CB13C9400A82668 /* GarageClientSwift.app */,
				5759923C1CB13C9500A82668 /* GarageClientSwiftTests.xctest */,
			);
			name = Products;
			sourceTree = "<group>";
		};
		5759922A1CB13C9400A82668 /* GarageClientSwift */ = {
			isa = PBXGroup;
			children = (
				575992521CB1481F00A82668 /* Sources */,
				5759922B1CB13C9400A82668 /* AppDelegate.swift */,
				5759922D1CB13C9400A82668 /* ViewController.swift */,
				5759922F1CB13C9400A82668 /* Main.storyboard */,
				575992321CB13C9400A82668 /* Assets.xcassets */,
				575992341CB13C9400A82668 /* LaunchScreen.storyboard */,
				575992371CB13C9500A82668 /* Info.plist */,
			);
			path = GarageClientSwift;
			sourceTree = "<group>";
		};
		5759923F1CB13C9500A82668 /* GarageClientSwiftTests */ = {
			isa = PBXGroup;
			children = (
				575992401CB13C9500A82668 /* GarageClientSwiftTests.swift */,
				575992421CB13C9500A82668 /* Info.plist */,
			);
			path = GarageClientSwiftTests;
			sourceTree = "<group>";
		};
		5759924C1CB146D900A82668 /* Frameworks */ = {
			isa = PBXGroup;
			children = (
				5759925B1CB3F4F100A82668 /* Himotoki.framework */,
				5759924D1CB146FD00A82668 /* APIKit.framework */,
				5759924E1CB146FD00A82668 /* Result.framework */,
			);
			name = Frameworks;
			sourceTree = "<group>";
		};
		575992521CB1481F00A82668 /* Sources */ = {
			isa = PBXGroup;
			children = (
				575992531CB1491400A82668 /* GarageClient.swift */,
				575992551CB1493500A82668 /* GarageConfiguration.swift */,
				575992571CB2AEC000A82668 /* GarageRequestType.swift */,
				575992591CB2B12200A82668 /* GarageError.swift */,
				5759925D1CB3FF1600A82668 /* RequestBuilder.swift */,
			);
			name = Sources;
			path = ../Sources;
			sourceTree = "<group>";
		};
/* End PBXGroup section */

/* Begin PBXNativeTarget section */
		575992271CB13C9400A82668 /* GarageClientSwift */ = {
			isa = PBXNativeTarget;
			buildConfigurationList = 575992451CB13C9500A82668 /* Build configuration list for PBXNativeTarget "GarageClientSwift" */;
			buildPhases = (
				5759924B1CB13F2800A82668 /* Run SwiftLint */,
				575992241CB13C9400A82668 /* Sources */,
				575992251CB13C9400A82668 /* Frameworks */,
				575992261CB13C9400A82668 /* Resources */,
				575992511CB1471C00A82668 /* Copy Frameworks */,
			);
			buildRules = (
			);
			dependencies = (
			);
			name = GarageClientSwift;
			productName = GarageClientSwift;
			productReference = 575992281CB13C9400A82668 /* GarageClientSwift.app */;
			productType = "com.apple.product-type.application";
		};
		5759923B1CB13C9500A82668 /* GarageClientSwiftTests */ = {
			isa = PBXNativeTarget;
			buildConfigurationList = 575992481CB13C9500A82668 /* Build configuration list for PBXNativeTarget "GarageClientSwiftTests" */;
			buildPhases = (
				575992381CB13C9500A82668 /* Sources */,
				575992391CB13C9500A82668 /* Frameworks */,
				5759923A1CB13C9500A82668 /* Resources */,
			);
			buildRules = (
			);
			dependencies = (
				5759923E1CB13C9500A82668 /* PBXTargetDependency */,
			);
			name = GarageClientSwiftTests;
			productName = GarageClientSwiftTests;
			productReference = 5759923C1CB13C9500A82668 /* GarageClientSwiftTests.xctest */;
			productType = "com.apple.product-type.bundle.unit-test";
		};
/* End PBXNativeTarget section */

/* Begin PBXProject section */
		575992201CB13C9400A82668 /* Project object */ = {
			isa = PBXProject;
			attributes = {
				LastSwiftUpdateCheck = 0730;
				LastUpgradeCheck = 0730;
				ORGANIZATIONNAME = slightair;
				TargetAttributes = {
					575992271CB13C9400A82668 = {
						CreatedOnToolsVersion = 7.3;
					};
					5759923B1CB13C9500A82668 = {
						CreatedOnToolsVersion = 7.3;
						TestTargetID = 575992271CB13C9400A82668;
					};
				};
			};
			buildConfigurationList = 575992231CB13C9400A82668 /* Build configuration list for PBXProject "GarageClientSwift" */;
			compatibilityVersion = "Xcode 3.2";
			developmentRegion = English;
			hasScannedForEncodings = 0;
			knownRegions = (
				en,
				Base,
			);
			mainGroup = 5759921F1CB13C9400A82668;
			productRefGroup = 575992291CB13C9400A82668 /* Products */;
			projectDirPath = "";
			projectRoot = "";
			targets = (
				575992271CB13C9400A82668 /* GarageClientSwift */,
				5759923B1CB13C9500A82668 /* GarageClientSwiftTests */,
			);
		};
/* End PBXProject section */

/* Begin PBXResourcesBuildPhase section */
		575992261CB13C9400A82668 /* Resources */ = {
			isa = PBXResourcesBuildPhase;
			buildActionMask = 2147483647;
			files = (
				575992361CB13C9400A82668 /* LaunchScreen.storyboard in Resources */,
				575992331CB13C9400A82668 /* Assets.xcassets in Resources */,
				575992311CB13C9400A82668 /* Main.storyboard in Resources */,
			);
			runOnlyForDeploymentPostprocessing = 0;
		};
		5759923A1CB13C9500A82668 /* Resources */ = {
			isa = PBXResourcesBuildPhase;
			buildActionMask = 2147483647;
			files = (
			);
			runOnlyForDeploymentPostprocessing = 0;
		};
/* End PBXResourcesBuildPhase section */

/* Begin PBXShellScriptBuildPhase section */
		5759924B1CB13F2800A82668 /* Run SwiftLint */ = {
			isa = PBXShellScriptBuildPhase;
			buildActionMask = 2147483647;
			files = (
			);
			inputPaths = (
			);
			name = "Run SwiftLint";
			outputPaths = (
			);
			runOnlyForDeploymentPostprocessing = 0;
			shellPath = /bin/sh;
			shellScript = "if which swiftlint >/dev/null; then\n    swiftlint\nelif [ -e /opt/brew/bin/swiftlint ]; then\n    /opt/brew/bin/swiftlint\nelse\n    echo \"warning: SwiftLint not installed, download from https://github.com/realm/SwiftLint\"\nfi";
		};
		575992511CB1471C00A82668 /* Copy Frameworks */ = {
			isa = PBXShellScriptBuildPhase;
			buildActionMask = 2147483647;
			files = (
			);
			inputPaths = (
				"$(SRCROOT)/Carthage/Build/iOS/Result.framework",
				"$(SRCROOT)/Carthage/Build/iOS/APIKit.framework",
				"$(SRCROOT)/Carthage/Build/iOS/Himotoki.framework",
			);
			name = "Copy Frameworks";
			outputPaths = (
			);
			runOnlyForDeploymentPostprocessing = 0;
			shellPath = /bin/sh;
			shellScript = "if which carthage >/dev/null; then\n    carthage copy-frameworks\nelif [ -e /opt/brew/bin/carthage ]; then\n    /opt/brew/bin/carthage copy-frameworks\nfi\n";
		};
/* End PBXShellScriptBuildPhase section */

/* Begin PBXSourcesBuildPhase section */
		575992241CB13C9400A82668 /* Sources */ = {
			isa = PBXSourcesBuildPhase;
			buildActionMask = 2147483647;
			files = (
				5759925E1CB3FF1600A82668 /* RequestBuilder.swift in Sources */,
				575992581CB2AEC000A82668 /* GarageRequestType.swift in Sources */,
				575992561CB1493500A82668 /* GarageConfiguration.swift in Sources */,
				5759925A1CB2B12200A82668 /* GarageError.swift in Sources */,
				5759922E1CB13C9400A82668 /* ViewController.swift in Sources */,
				575992541CB1491400A82668 /* GarageClient.swift in Sources */,
				5759922C1CB13C9400A82668 /* AppDelegate.swift in Sources */,
			);
			runOnlyForDeploymentPostprocessing = 0;
		};
		575992381CB13C9500A82668 /* Sources */ = {
			isa = PBXSourcesBuildPhase;
			buildActionMask = 2147483647;
			files = (
				575992411CB13C9500A82668 /* GarageClientSwiftTests.swift in Sources */,
			);
			runOnlyForDeploymentPostprocessing = 0;
		};
/* End PBXSourcesBuildPhase section */

/* Begin PBXTargetDependency section */
		5759923E1CB13C9500A82668 /* PBXTargetDependency */ = {
			isa = PBXTargetDependency;
			target = 575992271CB13C9400A82668 /* GarageClientSwift */;
			targetProxy = 5759923D1CB13C9500A82668 /* PBXContainerItemProxy */;
		};
/* End PBXTargetDependency section */

/* Begin PBXVariantGroup section */
		5759922F1CB13C9400A82668 /* Main.storyboard */ = {
			isa = PBXVariantGroup;
			children = (
				575992301CB13C9400A82668 /* Base */,
			);
			name = Main.storyboard;
			sourceTree = "<group>";
		};
		575992341CB13C9400A82668 /* LaunchScreen.storyboard */ = {
			isa = PBXVariantGroup;
			children = (
				575992351CB13C9400A82668 /* Base */,
			);
			name = LaunchScreen.storyboard;
			sourceTree = "<group>";
		};
/* End PBXVariantGroup section */

/* Begin XCBuildConfiguration section */
		575992431CB13C9500A82668 /* Debug */ = {
			isa = XCBuildConfiguration;
			buildSettings = {
				ALWAYS_SEARCH_USER_PATHS = NO;
				CLANG_ANALYZER_NONNULL = YES;
				CLANG_CXX_LANGUAGE_STANDARD = "gnu++0x";
				CLANG_CXX_LIBRARY = "libc++";
				CLANG_ENABLE_MODULES = YES;
				CLANG_ENABLE_OBJC_ARC = YES;
				CLANG_WARN_BOOL_CONVERSION = YES;
				CLANG_WARN_CONSTANT_CONVERSION = YES;
				CLANG_WARN_DIRECT_OBJC_ISA_USAGE = YES_ERROR;
				CLANG_WARN_EMPTY_BODY = YES;
				CLANG_WARN_ENUM_CONVERSION = YES;
				CLANG_WARN_INT_CONVERSION = YES;
				CLANG_WARN_OBJC_ROOT_CLASS = YES_ERROR;
				CLANG_WARN_UNREACHABLE_CODE = YES;
				CLANG_WARN__DUPLICATE_METHOD_MATCH = YES;
				"CODE_SIGN_IDENTITY[sdk=iphoneos*]" = "iPhone Developer";
				COPY_PHASE_STRIP = NO;
				DEBUG_INFORMATION_FORMAT = dwarf;
				ENABLE_STRICT_OBJC_MSGSEND = YES;
				ENABLE_TESTABILITY = YES;
				GCC_C_LANGUAGE_STANDARD = gnu99;
				GCC_DYNAMIC_NO_PIC = NO;
				GCC_NO_COMMON_BLOCKS = YES;
				GCC_OPTIMIZATION_LEVEL = 0;
				GCC_PREPROCESSOR_DEFINITIONS = (
					"DEBUG=1",
					"$(inherited)",
				);
				GCC_WARN_64_TO_32_BIT_CONVERSION = YES;
				GCC_WARN_ABOUT_RETURN_TYPE = YES_ERROR;
				GCC_WARN_UNDECLARED_SELECTOR = YES;
				GCC_WARN_UNINITIALIZED_AUTOS = YES_AGGRESSIVE;
				GCC_WARN_UNUSED_FUNCTION = YES;
				GCC_WARN_UNUSED_VARIABLE = YES;
				IPHONEOS_DEPLOYMENT_TARGET = 9.3;
				MTL_ENABLE_DEBUG_INFO = YES;
				ONLY_ACTIVE_ARCH = YES;
				SDKROOT = iphoneos;
				SWIFT_OPTIMIZATION_LEVEL = "-Onone";
				TARGETED_DEVICE_FAMILY = "1,2";
			};
			name = Debug;
		};
		575992441CB13C9500A82668 /* Release */ = {
			isa = XCBuildConfiguration;
			buildSettings = {
				ALWAYS_SEARCH_USER_PATHS = NO;
				CLANG_ANALYZER_NONNULL = YES;
				CLANG_CXX_LANGUAGE_STANDARD = "gnu++0x";
				CLANG_CXX_LIBRARY = "libc++";
				CLANG_ENABLE_MODULES = YES;
				CLANG_ENABLE_OBJC_ARC = YES;
				CLANG_WARN_BOOL_CONVERSION = YES;
				CLANG_WARN_CONSTANT_CONVERSION = YES;
				CLANG_WARN_DIRECT_OBJC_ISA_USAGE = YES_ERROR;
				CLANG_WARN_EMPTY_BODY = YES;
				CLANG_WARN_ENUM_CONVERSION = YES;
				CLANG_WARN_INT_CONVERSION = YES;
				CLANG_WARN_OBJC_ROOT_CLASS = YES_ERROR;
				CLANG_WARN_UNREACHABLE_CODE = YES;
				CLANG_WARN__DUPLICATE_METHOD_MATCH = YES;
				"CODE_SIGN_IDENTITY[sdk=iphoneos*]" = "iPhone Developer";
				COPY_PHASE_STRIP = NO;
				DEBUG_INFORMATION_FORMAT = "dwarf-with-dsym";
				ENABLE_NS_ASSERTIONS = NO;
				ENABLE_STRICT_OBJC_MSGSEND = YES;
				GCC_C_LANGUAGE_STANDARD = gnu99;
				GCC_NO_COMMON_BLOCKS = YES;
				GCC_WARN_64_TO_32_BIT_CONVERSION = YES;
				GCC_WARN_ABOUT_RETURN_TYPE = YES_ERROR;
				GCC_WARN_UNDECLARED_SELECTOR = YES;
				GCC_WARN_UNINITIALIZED_AUTOS = YES_AGGRESSIVE;
				GCC_WARN_UNUSED_FUNCTION = YES;
				GCC_WARN_UNUSED_VARIABLE = YES;
				IPHONEOS_DEPLOYMENT_TARGET = 9.3;
				MTL_ENABLE_DEBUG_INFO = NO;
				SDKROOT = iphoneos;
				TARGETED_DEVICE_FAMILY = "1,2";
				VALIDATE_PRODUCT = YES;
			};
			name = Release;
		};
		575992461CB13C9500A82668 /* Debug */ = {
			isa = XCBuildConfiguration;
			buildSettings = {
				ASSETCATALOG_COMPILER_APPICON_NAME = AppIcon;
				FRAMEWORK_SEARCH_PATHS = (
					"$(inherited)",
					"$(PROJECT_DIR)/Carthage/Build/iOS",
				);
				INFOPLIST_FILE = GarageClientSwift/Info.plist;
				IPHONEOS_DEPLOYMENT_TARGET = 8.0;
				LD_RUNPATH_SEARCH_PATHS = "$(inherited) @executable_path/Frameworks";
				PRODUCT_BUNDLE_IDENTIFIER = cc.clv.GarageClientSwift;
				PRODUCT_NAME = "$(TARGET_NAME)";
			};
			name = Debug;
		};
		575992471CB13C9500A82668 /* Release */ = {
			isa = XCBuildConfiguration;
			buildSettings = {
				ASSETCATALOG_COMPILER_APPICON_NAME = AppIcon;
				FRAMEWORK_SEARCH_PATHS = (
					"$(inherited)",
					"$(PROJECT_DIR)/Carthage/Build/iOS",
				);
				INFOPLIST_FILE = GarageClientSwift/Info.plist;
				IPHONEOS_DEPLOYMENT_TARGET = 8.0;
				LD_RUNPATH_SEARCH_PATHS = "$(inherited) @executable_path/Frameworks";
				PRODUCT_BUNDLE_IDENTIFIER = cc.clv.GarageClientSwift;
				PRODUCT_NAME = "$(TARGET_NAME)";
			};
			name = Release;
		};
		575992491CB13C9500A82668 /* Debug */ = {
			isa = XCBuildConfiguration;
			buildSettings = {
				BUNDLE_LOADER = "$(TEST_HOST)";
				INFOPLIST_FILE = GarageClientSwiftTests/Info.plist;
				LD_RUNPATH_SEARCH_PATHS = "$(inherited) @executable_path/Frameworks @loader_path/Frameworks";
				PRODUCT_BUNDLE_IDENTIFIER = cc.clv.GarageClientSwiftTests;
				PRODUCT_NAME = "$(TARGET_NAME)";
				TEST_HOST = "$(BUILT_PRODUCTS_DIR)/GarageClientSwift.app/GarageClientSwift";
			};
			name = Debug;
		};
		5759924A1CB13C9500A82668 /* Release */ = {
			isa = XCBuildConfiguration;
			buildSettings = {
				BUNDLE_LOADER = "$(TEST_HOST)";
				INFOPLIST_FILE = GarageClientSwiftTests/Info.plist;
				LD_RUNPATH_SEARCH_PATHS = "$(inherited) @executable_path/Frameworks @loader_path/Frameworks";
				PRODUCT_BUNDLE_IDENTIFIER = cc.clv.GarageClientSwiftTests;
				PRODUCT_NAME = "$(TARGET_NAME)";
				TEST_HOST = "$(BUILT_PRODUCTS_DIR)/GarageClientSwift.app/GarageClientSwift";
			};
			name = Release;
		};
/* End XCBuildConfiguration section */

/* Begin XCConfigurationList section */
		575992231CB13C9400A82668 /* Build configuration list for PBXProject "GarageClientSwift" */ = {
			isa = XCConfigurationList;
			buildConfigurations = (
				575992431CB13C9500A82668 /* Debug */,
				575992441CB13C9500A82668 /* Release */,
			);
			defaultConfigurationIsVisible = 0;
			defaultConfigurationName = Release;
		};
		575992451CB13C9500A82668 /* Build configuration list for PBXNativeTarget "GarageClientSwift" */ = {
			isa = XCConfigurationList;
			buildConfigurations = (
				575992461CB13C9500A82668 /* Debug */,
				575992471CB13C9500A82668 /* Release */,
			);
			defaultConfigurationIsVisible = 0;
			defaultConfigurationName = Release;
		};
		575992481CB13C9500A82668 /* Build configuration list for PBXNativeTarget "GarageClientSwiftTests" */ = {
			isa = XCConfigurationList;
			buildConfigurations = (
				575992491CB13C9500A82668 /* Debug */,
				5759924A1CB13C9500A82668 /* Release */,
			);
			defaultConfigurationIsVisible = 0;
			defaultConfigurationName = Release;
		};
/* End XCConfigurationList section */
	};
	rootObject = 575992201CB13C9400A82668 /* Project object */;
}
